// !$*UTF8*$!
{
	archiveVersion = 1;
	classes = {
	};
	objectVersion = 56;
	objects = {

/* Begin PBXBuildFile section */
		6F1E9ABB2BFC4B560005E004 /* TwiiModels.swift in Sources */ = {isa = PBXBuildFile; fileRef = 6F1E9ABA2BFC4B560005E004 /* TwiiModels.swift */; };
		6F1E9ABD2BFDC8970005E004 /* MoversUPModels.swift in Sources */ = {isa = PBXBuildFile; fileRef = 6F1E9ABC2BFDC8970005E004 /* MoversUPModels.swift */; };
		6F1E9ABF2BFDCAA50005E004 /* MoversDownModels.swift in Sources */ = {isa = PBXBuildFile; fileRef = 6F1E9ABE2BFDCAA50005E004 /* MoversDownModels.swift */; };
		6F1E9AC12BFDCAE90005E004 /* ValuesModels.swift in Sources */ = {isa = PBXBuildFile; fileRef = 6F1E9AC02BFDCAE90005E004 /* ValuesModels.swift */; };
		6F1E9AC32BFDD56D0005E004 /* StockDataViewModels.swift in Sources */ = {isa = PBXBuildFile; fileRef = 6F1E9AC22BFDD56D0005E004 /* StockDataViewModels.swift */; };
		6F1E9AC52BFF25C10005E004 /* StockUpDownViewModels.swift in Sources */ = {isa = PBXBuildFile; fileRef = 6F1E9AC42BFF25C10005E004 /* StockUpDownViewModels.swift */; };
		6F1E9AC82C0083B70005E004 /* DetailViewController.swift in Sources */ = {isa = PBXBuildFile; fileRef = 6F1E9AC72C0083B70005E004 /* DetailViewController.swift */; };
		6F1E9ACA2C0086190005E004 /* SearchViewController.swift in Sources */ = {isa = PBXBuildFile; fileRef = 6F1E9AC92C0086190005E004 /* SearchViewController.swift */; };
		6FBB151C2C0BFFF20020BE4B /* FirebaseAnalytics in Frameworks */ = {isa = PBXBuildFile; productRef = 6FBB151B2C0BFFF20020BE4B /* FirebaseAnalytics */; };
		6FBB151E2C0BFFF20020BE4B /* FirebaseAnalyticsOnDeviceConversion in Frameworks */ = {isa = PBXBuildFile; productRef = 6FBB151D2C0BFFF20020BE4B /* FirebaseAnalyticsOnDeviceConversion */; };
		6FBB15202C0BFFF20020BE4B /* FirebaseAnalyticsSwift in Frameworks */ = {isa = PBXBuildFile; productRef = 6FBB151F2C0BFFF20020BE4B /* FirebaseAnalyticsSwift */; };
		6FBB15222C0BFFF20020BE4B /* FirebaseAnalyticsWithoutAdIdSupport in Frameworks */ = {isa = PBXBuildFile; productRef = 6FBB15212C0BFFF20020BE4B /* FirebaseAnalyticsWithoutAdIdSupport */; };
		6FBB15242C0BFFF20020BE4B /* FirebaseAppCheck in Frameworks */ = {isa = PBXBuildFile; productRef = 6FBB15232C0BFFF20020BE4B /* FirebaseAppCheck */; };
		6FBB15262C0BFFF20020BE4B /* FirebaseAppDistribution-Beta in Frameworks */ = {isa = PBXBuildFile; productRef = 6FBB15252C0BFFF20020BE4B /* FirebaseAppDistribution-Beta */; };
		6FBB15282C0BFFF20020BE4B /* FirebaseAuth in Frameworks */ = {isa = PBXBuildFile; productRef = 6FBB15272C0BFFF20020BE4B /* FirebaseAuth */; };
		6FBB152A2C0BFFF20020BE4B /* FirebaseAuthCombine-Community in Frameworks */ = {isa = PBXBuildFile; productRef = 6FBB15292C0BFFF20020BE4B /* FirebaseAuthCombine-Community */; };
		6FBB152C2C0BFFF20020BE4B /* FirebaseCrashlytics in Frameworks */ = {isa = PBXBuildFile; productRef = 6FBB152B2C0BFFF20020BE4B /* FirebaseCrashlytics */; };
		6FBB152E2C0BFFF20020BE4B /* FirebaseDatabase in Frameworks */ = {isa = PBXBuildFile; productRef = 6FBB152D2C0BFFF20020BE4B /* FirebaseDatabase */; };
		6FBB15302C0BFFF20020BE4B /* FirebaseDatabaseSwift in Frameworks */ = {isa = PBXBuildFile; productRef = 6FBB152F2C0BFFF20020BE4B /* FirebaseDatabaseSwift */; };
		6FBB15322C0BFFF20020BE4B /* FirebaseDynamicLinks in Frameworks */ = {isa = PBXBuildFile; productRef = 6FBB15312C0BFFF20020BE4B /* FirebaseDynamicLinks */; };
		6FBB15342C0BFFF20020BE4B /* FirebaseFirestore in Frameworks */ = {isa = PBXBuildFile; productRef = 6FBB15332C0BFFF20020BE4B /* FirebaseFirestore */; };
		6FBB15362C0BFFF20020BE4B /* FirebaseFirestoreCombine-Community in Frameworks */ = {isa = PBXBuildFile; productRef = 6FBB15352C0BFFF20020BE4B /* FirebaseFirestoreCombine-Community */; };
		6FBB15382C0BFFF20020BE4B /* FirebaseFirestoreSwift in Frameworks */ = {isa = PBXBuildFile; productRef = 6FBB15372C0BFFF20020BE4B /* FirebaseFirestoreSwift */; };
		6FBB153A2C0BFFF20020BE4B /* FirebaseFunctions in Frameworks */ = {isa = PBXBuildFile; productRef = 6FBB15392C0BFFF20020BE4B /* FirebaseFunctions */; };
		6FBB153C2C0BFFF20020BE4B /* FirebaseFunctionsCombine-Community in Frameworks */ = {isa = PBXBuildFile; productRef = 6FBB153B2C0BFFF20020BE4B /* FirebaseFunctionsCombine-Community */; };
		6FBB153E2C0BFFF20020BE4B /* FirebaseInAppMessaging-Beta in Frameworks */ = {isa = PBXBuildFile; productRef = 6FBB153D2C0BFFF20020BE4B /* FirebaseInAppMessaging-Beta */; };
		6FBB15402C0BFFF20020BE4B /* FirebaseInAppMessagingSwift-Beta in Frameworks */ = {isa = PBXBuildFile; productRef = 6FBB153F2C0BFFF20020BE4B /* FirebaseInAppMessagingSwift-Beta */; };
		6FBB15422C0BFFF20020BE4B /* FirebaseInstallations in Frameworks */ = {isa = PBXBuildFile; productRef = 6FBB15412C0BFFF20020BE4B /* FirebaseInstallations */; };
		6FBB15442C0BFFF20020BE4B /* FirebaseMLModelDownloader in Frameworks */ = {isa = PBXBuildFile; productRef = 6FBB15432C0BFFF20020BE4B /* FirebaseMLModelDownloader */; };
		6FBB15462C0BFFF20020BE4B /* FirebaseMessaging in Frameworks */ = {isa = PBXBuildFile; productRef = 6FBB15452C0BFFF20020BE4B /* FirebaseMessaging */; };
		6FBB15482C0BFFF20020BE4B /* FirebasePerformance in Frameworks */ = {isa = PBXBuildFile; productRef = 6FBB15472C0BFFF20020BE4B /* FirebasePerformance */; };
		6FBB154A2C0BFFF20020BE4B /* FirebaseRemoteConfig in Frameworks */ = {isa = PBXBuildFile; productRef = 6FBB15492C0BFFF20020BE4B /* FirebaseRemoteConfig */; };
		6FBB154C2C0BFFF20020BE4B /* FirebaseRemoteConfigSwift in Frameworks */ = {isa = PBXBuildFile; productRef = 6FBB154B2C0BFFF20020BE4B /* FirebaseRemoteConfigSwift */; };
		6FBB154E2C0BFFF20020BE4B /* FirebaseStorage in Frameworks */ = {isa = PBXBuildFile; productRef = 6FBB154D2C0BFFF20020BE4B /* FirebaseStorage */; };
		6FBB15502C0BFFF20020BE4B /* FirebaseStorageCombine-Community in Frameworks */ = {isa = PBXBuildFile; productRef = 6FBB154F2C0BFFF20020BE4B /* FirebaseStorageCombine-Community */; };
		6FBB15522C0BFFF20020BE4B /* FirebaseVertexAI-Preview in Frameworks */ = {isa = PBXBuildFile; productRef = 6FBB15512C0BFFF20020BE4B /* FirebaseVertexAI-Preview */; };
		6FC8098A2BFA1B5200DE1658 /* MarketDataModels.swift in Sources */ = {isa = PBXBuildFile; fileRef = 6FC809892BFA1B5200DE1658 /* MarketDataModels.swift */; };
		6FC8098C2BFAD6C100DE1658 /* ListTableViewCell.swift in Sources */ = {isa = PBXBuildFile; fileRef = 6FC8098B2BFAD6C100DE1658 /* ListTableViewCell.swift */; };
		6FC8098E2BFB365100DE1658 /* TwiiHeaderView.swift in Sources */ = {isa = PBXBuildFile; fileRef = 6FC8098D2BFB365100DE1658 /* TwiiHeaderView.swift */; };
		6FD364352BF9B8B5001CE94E /* AppDelegate.swift in Sources */ = {isa = PBXBuildFile; fileRef = 6FD364342BF9B8B5001CE94E /* AppDelegate.swift */; };
		6FD364372BF9B8B5001CE94E /* SceneDelegate.swift in Sources */ = {isa = PBXBuildFile; fileRef = 6FD364362BF9B8B5001CE94E /* SceneDelegate.swift */; };
		6FD364392BF9B8B5001CE94E /* HomeViewController.swift in Sources */ = {isa = PBXBuildFile; fileRef = 6FD364382BF9B8B5001CE94E /* HomeViewController.swift */; };
		6FD3643E2BF9B8B7001CE94E /* Assets.xcassets in Resources */ = {isa = PBXBuildFile; fileRef = 6FD3643D2BF9B8B7001CE94E /* Assets.xcassets */; };
		6FD364412BF9B8B7001CE94E /* Base in Resources */ = {isa = PBXBuildFile; fileRef = 6FD364402BF9B8B7001CE94E /* Base */; };
		6FD3644F2BF9BB01001CE94E /* MainTabbarController.swift in Sources */ = {isa = PBXBuildFile; fileRef = 6FD3644E2BF9BB01001CE94E /* MainTabbarController.swift */; };
		6FD364522BF9BBBE001CE94E /* FavoriteViewController.swift in Sources */ = {isa = PBXBuildFile; fileRef = 6FD364512BF9BBBE001CE94E /* FavoriteViewController.swift */; };
		6FD364582BF9BE11001CE94E /* UnusualViewController.swift in Sources */ = {isa = PBXBuildFile; fileRef = 6FD364572BF9BE11001CE94E /* UnusualViewController.swift */; };
		6FD3645A2BF9D296001CE94E /* Constants.swift in Sources */ = {isa = PBXBuildFile; fileRef = 6FD364592BF9D296001CE94E /* Constants.swift */; };
		6FD3645E2BF9DCAB001CE94E /* APIService.swift in Sources */ = {isa = PBXBuildFile; fileRef = 6FD3645D2BF9DCAB001CE94E /* APIService.swift */; };
		6FDA37492BFB4D4B00FD33BC /* DGCharts in Frameworks */ = {isa = PBXBuildFile; productRef = 6FDA37482BFB4D4B00FD33BC /* DGCharts */; };
/* End PBXBuildFile section */

/* Begin PBXCopyFilesBuildPhase section */
		6F1E9AB42BFB617D0005E004 /* Embed Frameworks */ = {
			isa = PBXCopyFilesBuildPhase;
			buildActionMask = 2147483647;
			dstPath = "";
			dstSubfolderSpec = 10;
			files = (
			);
			name = "Embed Frameworks";
			runOnlyForDeploymentPostprocessing = 0;
		};
/* End PBXCopyFilesBuildPhase section */

/* Begin PBXFileReference section */
		6F1E9ABA2BFC4B560005E004 /* TwiiModels.swift */ = {isa = PBXFileReference; lastKnownFileType = sourcecode.swift; path = TwiiModels.swift; sourceTree = "<group>"; };
		6F1E9ABC2BFDC8970005E004 /* MoversUPModels.swift */ = {isa = PBXFileReference; lastKnownFileType = sourcecode.swift; path = MoversUPModels.swift; sourceTree = "<group>"; };
		6F1E9ABE2BFDCAA50005E004 /* MoversDownModels.swift */ = {isa = PBXFileReference; lastKnownFileType = sourcecode.swift; path = MoversDownModels.swift; sourceTree = "<group>"; };
		6F1E9AC02BFDCAE90005E004 /* ValuesModels.swift */ = {isa = PBXFileReference; lastKnownFileType = sourcecode.swift; path = ValuesModels.swift; sourceTree = "<group>"; };
		6F1E9AC22BFDD56D0005E004 /* StockDataViewModels.swift */ = {isa = PBXFileReference; lastKnownFileType = sourcecode.swift; path = StockDataViewModels.swift; sourceTree = "<group>"; };
		6F1E9AC42BFF25C10005E004 /* StockUpDownViewModels.swift */ = {isa = PBXFileReference; lastKnownFileType = sourcecode.swift; path = StockUpDownViewModels.swift; sourceTree = "<group>"; };
		6F1E9AC72C0083B70005E004 /* DetailViewController.swift */ = {isa = PBXFileReference; lastKnownFileType = sourcecode.swift; path = DetailViewController.swift; sourceTree = "<group>"; };
		6F1E9AC92C0086190005E004 /* SearchViewController.swift */ = {isa = PBXFileReference; lastKnownFileType = sourcecode.swift; path = SearchViewController.swift; sourceTree = "<group>"; };
		6FC809892BFA1B5200DE1658 /* MarketDataModels.swift */ = {isa = PBXFileReference; lastKnownFileType = sourcecode.swift; path = MarketDataModels.swift; sourceTree = "<group>"; };
		6FC8098B2BFAD6C100DE1658 /* ListTableViewCell.swift */ = {isa = PBXFileReference; lastKnownFileType = sourcecode.swift; path = ListTableViewCell.swift; sourceTree = "<group>"; };
		6FC8098D2BFB365100DE1658 /* TwiiHeaderView.swift */ = {isa = PBXFileReference; lastKnownFileType = sourcecode.swift; path = TwiiHeaderView.swift; sourceTree = "<group>"; };
		6FD364312BF9B8B5001CE94E /* NomikTwStockApp.app */ = {isa = PBXFileReference; explicitFileType = wrapper.application; includeInIndex = 0; path = NomikTwStockApp.app; sourceTree = BUILT_PRODUCTS_DIR; };
		6FD364342BF9B8B5001CE94E /* AppDelegate.swift */ = {isa = PBXFileReference; lastKnownFileType = sourcecode.swift; path = AppDelegate.swift; sourceTree = "<group>"; };
		6FD364362BF9B8B5001CE94E /* SceneDelegate.swift */ = {isa = PBXFileReference; lastKnownFileType = sourcecode.swift; path = SceneDelegate.swift; sourceTree = "<group>"; };
		6FD364382BF9B8B5001CE94E /* HomeViewController.swift */ = {isa = PBXFileReference; lastKnownFileType = sourcecode.swift; path = HomeViewController.swift; sourceTree = "<group>"; };
		6FD3643D2BF9B8B7001CE94E /* Assets.xcassets */ = {isa = PBXFileReference; lastKnownFileType = folder.assetcatalog; path = Assets.xcassets; sourceTree = "<group>"; };
		6FD364402BF9B8B7001CE94E /* Base */ = {isa = PBXFileReference; lastKnownFileType = file.storyboard; name = Base; path = Base.lproj/LaunchScreen.storyboard; sourceTree = "<group>"; };
		6FD364422BF9B8B7001CE94E /* Info.plist */ = {isa = PBXFileReference; lastKnownFileType = text.plist.xml; path = Info.plist; sourceTree = "<group>"; };
		6FD3644E2BF9BB01001CE94E /* MainTabbarController.swift */ = {isa = PBXFileReference; lastKnownFileType = sourcecode.swift; path = MainTabbarController.swift; sourceTree = "<group>"; };
		6FD364512BF9BBBE001CE94E /* FavoriteViewController.swift */ = {isa = PBXFileReference; lastKnownFileType = sourcecode.swift; path = FavoriteViewController.swift; sourceTree = "<group>"; };
		6FD364572BF9BE11001CE94E /* UnusualViewController.swift */ = {isa = PBXFileReference; lastKnownFileType = sourcecode.swift; path = UnusualViewController.swift; sourceTree = "<group>"; };
		6FD364592BF9D296001CE94E /* Constants.swift */ = {isa = PBXFileReference; lastKnownFileType = sourcecode.swift; path = Constants.swift; sourceTree = "<group>"; };
		6FD3645D2BF9DCAB001CE94E /* APIService.swift */ = {isa = PBXFileReference; lastKnownFileType = sourcecode.swift; path = APIService.swift; sourceTree = "<group>"; };
/* End PBXFileReference section */

/* Begin PBXFrameworksBuildPhase section */
		6FD3642E2BF9B8B5001CE94E /* Frameworks */ = {
			isa = PBXFrameworksBuildPhase;
			buildActionMask = 2147483647;
			files = (
				6FBB153A2C0BFFF20020BE4B /* FirebaseFunctions in Frameworks */,
				6FBB15302C0BFFF20020BE4B /* FirebaseDatabaseSwift in Frameworks */,
				6FBB15522C0BFFF20020BE4B /* FirebaseVertexAI-Preview in Frameworks */,
				6FBB15402C0BFFF20020BE4B /* FirebaseInAppMessagingSwift-Beta in Frameworks */,
				6FBB15462C0BFFF20020BE4B /* FirebaseMessaging in Frameworks */,
				6FBB15262C0BFFF20020BE4B /* FirebaseAppDistribution-Beta in Frameworks */,
				6FBB152A2C0BFFF20020BE4B /* FirebaseAuthCombine-Community in Frameworks */,
				6FBB15362C0BFFF20020BE4B /* FirebaseFirestoreCombine-Community in Frameworks */,
				6FBB15202C0BFFF20020BE4B /* FirebaseAnalyticsSwift in Frameworks */,
				6FBB15442C0BFFF20020BE4B /* FirebaseMLModelDownloader in Frameworks */,
				6FBB15222C0BFFF20020BE4B /* FirebaseAnalyticsWithoutAdIdSupport in Frameworks */,
				6FBB151C2C0BFFF20020BE4B /* FirebaseAnalytics in Frameworks */,
				6FBB15382C0BFFF20020BE4B /* FirebaseFirestoreSwift in Frameworks */,
				6FBB151E2C0BFFF20020BE4B /* FirebaseAnalyticsOnDeviceConversion in Frameworks */,
				6FBB15242C0BFFF20020BE4B /* FirebaseAppCheck in Frameworks */,
				6FBB15482C0BFFF20020BE4B /* FirebasePerformance in Frameworks */,
				6FBB153E2C0BFFF20020BE4B /* FirebaseInAppMessaging-Beta in Frameworks */,
				6FBB153C2C0BFFF20020BE4B /* FirebaseFunctionsCombine-Community in Frameworks */,
				6FBB152C2C0BFFF20020BE4B /* FirebaseCrashlytics in Frameworks */,
				6FBB15422C0BFFF20020BE4B /* FirebaseInstallations in Frameworks */,
				6FBB154A2C0BFFF20020BE4B /* FirebaseRemoteConfig in Frameworks */,
				6FBB154E2C0BFFF20020BE4B /* FirebaseStorage in Frameworks */,
				6FBB152E2C0BFFF20020BE4B /* FirebaseDatabase in Frameworks */,
				6FBB15502C0BFFF20020BE4B /* FirebaseStorageCombine-Community in Frameworks */,
				6FDA37492BFB4D4B00FD33BC /* DGCharts in Frameworks */,
				6FBB15282C0BFFF20020BE4B /* FirebaseAuth in Frameworks */,
				6FBB15322C0BFFF20020BE4B /* FirebaseDynamicLinks in Frameworks */,
				6FBB15342C0BFFF20020BE4B /* FirebaseFirestore in Frameworks */,
				6FBB154C2C0BFFF20020BE4B /* FirebaseRemoteConfigSwift in Frameworks */,
			);
			runOnlyForDeploymentPostprocessing = 0;
		};
/* End PBXFrameworksBuildPhase section */

/* Begin PBXGroup section */
		6F1E9AC62C00834E0005E004 /* SubControllers */ = {
			isa = PBXGroup;
			children = (
				6F1E9AC72C0083B70005E004 /* DetailViewController.swift */,
				6F1E9AC92C0086190005E004 /* SearchViewController.swift */,
			);
			path = SubControllers;
			sourceTree = "<group>";
		};
		6FD364282BF9B8B5001CE94E = {
			isa = PBXGroup;
			children = (
				6FD364332BF9B8B5001CE94E /* NomikTwStockApp */,
				6FD364322BF9B8B5001CE94E /* Products */,
			);
			sourceTree = "<group>";
		};
		6FD364322BF9B8B5001CE94E /* Products */ = {
			isa = PBXGroup;
			children = (
				6FD364312BF9B8B5001CE94E /* NomikTwStockApp.app */,
			);
			name = Products;
			sourceTree = "<group>";
		};
		6FD364332BF9B8B5001CE94E /* NomikTwStockApp */ = {
			isa = PBXGroup;
			children = (
				6FD3644D2BF9BACC001CE94E /* Networking */,
				6FD3644C2BF9BAB2001CE94E /* ViewModels */,
				6FD3644B2BF9BAAA001CE94E /* Views */,
				6FD3644A2BF9BA99001CE94E /* Models */,
				6FD364492BF9BA67001CE94E /* Supporting */,
				6FD364482BF9BA56001CE94E /* Controllers */,
				6FD364422BF9B8B7001CE94E /* Info.plist */,
			);
			path = NomikTwStockApp;
			sourceTree = "<group>";
		};
		6FD364482BF9BA56001CE94E /* Controllers */ = {
			isa = PBXGroup;
			children = (
				6F1E9AC62C00834E0005E004 /* SubControllers */,
				6FD3644E2BF9BB01001CE94E /* MainTabbarController.swift */,
				6FD364382BF9B8B5001CE94E /* HomeViewController.swift */,
				6FD364512BF9BBBE001CE94E /* FavoriteViewController.swift */,
				6FD364572BF9BE11001CE94E /* UnusualViewController.swift */,
			);
			path = Controllers;
			sourceTree = "<group>";
		};
		6FD364492BF9BA67001CE94E /* Supporting */ = {
			isa = PBXGroup;
			children = (
				6FD364342BF9B8B5001CE94E /* AppDelegate.swift */,
				6FD364362BF9B8B5001CE94E /* SceneDelegate.swift */,
				6FD3643D2BF9B8B7001CE94E /* Assets.xcassets */,
				6FD3643F2BF9B8B7001CE94E /* LaunchScreen.storyboard */,
			);
			path = Supporting;
			sourceTree = "<group>";
		};
		6FD3644A2BF9BA99001CE94E /* Models */ = {
			isa = PBXGroup;
			children = (
				6FC809892BFA1B5200DE1658 /* MarketDataModels.swift */,
				6F1E9ABA2BFC4B560005E004 /* TwiiModels.swift */,
				6F1E9ABC2BFDC8970005E004 /* MoversUPModels.swift */,
				6F1E9ABE2BFDCAA50005E004 /* MoversDownModels.swift */,
				6F1E9AC02BFDCAE90005E004 /* ValuesModels.swift */,
			);
			path = Models;
			sourceTree = "<group>";
		};
		6FD3644B2BF9BAAA001CE94E /* Views */ = {
			isa = PBXGroup;
			children = (
				6FC8098B2BFAD6C100DE1658 /* ListTableViewCell.swift */,
				6FC8098D2BFB365100DE1658 /* TwiiHeaderView.swift */,
			);
			path = Views;
			sourceTree = "<group>";
		};
		6FD3644C2BF9BAB2001CE94E /* ViewModels */ = {
			isa = PBXGroup;
			children = (
				6F1E9AC22BFDD56D0005E004 /* StockDataViewModels.swift */,
				6F1E9AC42BFF25C10005E004 /* StockUpDownViewModels.swift */,
			);
			path = ViewModels;
			sourceTree = "<group>";
		};
		6FD3644D2BF9BACC001CE94E /* Networking */ = {
			isa = PBXGroup;
			children = (
				6FD364592BF9D296001CE94E /* Constants.swift */,
				6FD3645D2BF9DCAB001CE94E /* APIService.swift */,
			);
			path = Networking;
			sourceTree = "<group>";
		};
/* End PBXGroup section */

/* Begin PBXNativeTarget section */
		6FD364302BF9B8B5001CE94E /* NomikTwStockApp */ = {
			isa = PBXNativeTarget;
			buildConfigurationList = 6FD364452BF9B8B7001CE94E /* Build configuration list for PBXNativeTarget "NomikTwStockApp" */;
			buildPhases = (
				6FD3642D2BF9B8B5001CE94E /* Sources */,
				6FD3642E2BF9B8B5001CE94E /* Frameworks */,
				6FD3642F2BF9B8B5001CE94E /* Resources */,
				6F1E9AB42BFB617D0005E004 /* Embed Frameworks */,
			);
			buildRules = (
			);
			dependencies = (
			);
			name = NomikTwStockApp;
			packageProductDependencies = (
				6FDA37482BFB4D4B00FD33BC /* DGCharts */,
				6FBB151B2C0BFFF20020BE4B /* FirebaseAnalytics */,
				6FBB151D2C0BFFF20020BE4B /* FirebaseAnalyticsOnDeviceConversion */,
				6FBB151F2C0BFFF20020BE4B /* FirebaseAnalyticsSwift */,
				6FBB15212C0BFFF20020BE4B /* FirebaseAnalyticsWithoutAdIdSupport */,
				6FBB15232C0BFFF20020BE4B /* FirebaseAppCheck */,
				6FBB15252C0BFFF20020BE4B /* FirebaseAppDistribution-Beta */,
				6FBB15272C0BFFF20020BE4B /* FirebaseAuth */,
				6FBB15292C0BFFF20020BE4B /* FirebaseAuthCombine-Community */,
				6FBB152B2C0BFFF20020BE4B /* FirebaseCrashlytics */,
				6FBB152D2C0BFFF20020BE4B /* FirebaseDatabase */,
				6FBB152F2C0BFFF20020BE4B /* FirebaseDatabaseSwift */,
				6FBB15312C0BFFF20020BE4B /* FirebaseDynamicLinks */,
				6FBB15332C0BFFF20020BE4B /* FirebaseFirestore */,
				6FBB15352C0BFFF20020BE4B /* FirebaseFirestoreCombine-Community */,
				6FBB15372C0BFFF20020BE4B /* FirebaseFirestoreSwift */,
				6FBB15392C0BFFF20020BE4B /* FirebaseFunctions */,
				6FBB153B2C0BFFF20020BE4B /* FirebaseFunctionsCombine-Community */,
				6FBB153D2C0BFFF20020BE4B /* FirebaseInAppMessaging-Beta */,
				6FBB153F2C0BFFF20020BE4B /* FirebaseInAppMessagingSwift-Beta */,
				6FBB15412C0BFFF20020BE4B /* FirebaseInstallations */,
				6FBB15432C0BFFF20020BE4B /* FirebaseMLModelDownloader */,
				6FBB15452C0BFFF20020BE4B /* FirebaseMessaging */,
				6FBB15472C0BFFF20020BE4B /* FirebasePerformance */,
				6FBB15492C0BFFF20020BE4B /* FirebaseRemoteConfig */,
				6FBB154B2C0BFFF20020BE4B /* FirebaseRemoteConfigSwift */,
				6FBB154D2C0BFFF20020BE4B /* FirebaseStorage */,
				6FBB154F2C0BFFF20020BE4B /* FirebaseStorageCombine-Community */,
				6FBB15512C0BFFF20020BE4B /* FirebaseVertexAI-Preview */,
			);
			productName = NomikTwStockApp;
			productReference = 6FD364312BF9B8B5001CE94E /* NomikTwStockApp.app */;
			productType = "com.apple.product-type.application";
		};
/* End PBXNativeTarget section */

/* Begin PBXProject section */
		6FD364292BF9B8B5001CE94E /* Project object */ = {
			isa = PBXProject;
			attributes = {
				BuildIndependentTargetsInParallel = 1;
				LastSwiftUpdateCheck = 1540;
				LastUpgradeCheck = 1540;
				TargetAttributes = {
					6FD364302BF9B8B5001CE94E = {
						CreatedOnToolsVersion = 15.4;
					};
				};
			};
			buildConfigurationList = 6FD3642C2BF9B8B5001CE94E /* Build configuration list for PBXProject "NomikTwStockApp" */;
			compatibilityVersion = "Xcode 14.0";
			developmentRegion = en;
			hasScannedForEncodings = 0;
			knownRegions = (
				en,
				Base,
			);
			mainGroup = 6FD364282BF9B8B5001CE94E;
			packageReferences = (
				6FDA37472BFB4D4B00FD33BC /* XCRemoteSwiftPackageReference "Charts" */,
				6FBB151A2C0BFFF20020BE4B /* XCRemoteSwiftPackageReference "firebase-ios-sdk" */,
			);
			productRefGroup = 6FD364322BF9B8B5001CE94E /* Products */;
			projectDirPath = "";
			projectRoot = "";
			targets = (
				6FD364302BF9B8B5001CE94E /* NomikTwStockApp */,
			);
		};
/* End PBXProject section */

/* Begin PBXResourcesBuildPhase section */
		6FD3642F2BF9B8B5001CE94E /* Resources */ = {
			isa = PBXResourcesBuildPhase;
			buildActionMask = 2147483647;
			files = (
				6FD3643E2BF9B8B7001CE94E /* Assets.xcassets in Resources */,
				6FD364412BF9B8B7001CE94E /* Base in Resources */,
			);
			runOnlyForDeploymentPostprocessing = 0;
		};
/* End PBXResourcesBuildPhase section */

/* Begin PBXSourcesBuildPhase section */
		6FD3642D2BF9B8B5001CE94E /* Sources */ = {
			isa = PBXSourcesBuildPhase;
			buildActionMask = 2147483647;
			files = (
				6F1E9AC52BFF25C10005E004 /* StockUpDownViewModels.swift in Sources */,
				6F1E9ABB2BFC4B560005E004 /* TwiiModels.swift in Sources */,
				6FD364392BF9B8B5001CE94E /* HomeViewController.swift in Sources */,
				6FD364352BF9B8B5001CE94E /* AppDelegate.swift in Sources */,
				6FD364582BF9BE11001CE94E /* UnusualViewController.swift in Sources */,
				6FD3645E2BF9DCAB001CE94E /* APIService.swift in Sources */,
				6FD3644F2BF9BB01001CE94E /* MainTabbarController.swift in Sources */,
				6F1E9ABF2BFDCAA50005E004 /* MoversDownModels.swift in Sources */,
				6FD364372BF9B8B5001CE94E /* SceneDelegate.swift in Sources */,
				6F1E9ACA2C0086190005E004 /* SearchViewController.swift in Sources */,
				6F1E9AC82C0083B70005E004 /* DetailViewController.swift in Sources */,
				6F1E9AC32BFDD56D0005E004 /* StockDataViewModels.swift in Sources */,
				6FC8098E2BFB365100DE1658 /* TwiiHeaderView.swift in Sources */,
				6F1E9ABD2BFDC8970005E004 /* MoversUPModels.swift in Sources */,
				6FD364522BF9BBBE001CE94E /* FavoriteViewController.swift in Sources */,
				6FC8098A2BFA1B5200DE1658 /* MarketDataModels.swift in Sources */,
				6F1E9AC12BFDCAE90005E004 /* ValuesModels.swift in Sources */,
				6FC8098C2BFAD6C100DE1658 /* ListTableViewCell.swift in Sources */,
				6FD3645A2BF9D296001CE94E /* Constants.swift in Sources */,
			);
			runOnlyForDeploymentPostprocessing = 0;
		};
/* End PBXSourcesBuildPhase section */

/* Begin PBXVariantGroup section */
		6FD3643F2BF9B8B7001CE94E /* LaunchScreen.storyboard */ = {
			isa = PBXVariantGroup;
			children = (
				6FD364402BF9B8B7001CE94E /* Base */,
			);
			name = LaunchScreen.storyboard;
			sourceTree = "<group>";
		};
/* End PBXVariantGroup section */

/* Begin XCBuildConfiguration section */
		6FD364432BF9B8B7001CE94E /* Debug */ = {
			isa = XCBuildConfiguration;
			buildSettings = {
				ALWAYS_SEARCH_USER_PATHS = NO;
				ASSETCATALOG_COMPILER_GENERATE_SWIFT_ASSET_SYMBOL_EXTENSIONS = YES;
				CLANG_ANALYZER_NONNULL = YES;
				CLANG_ANALYZER_NUMBER_OBJECT_CONVERSION = YES_AGGRESSIVE;
				CLANG_CXX_LANGUAGE_STANDARD = "gnu++20";
				CLANG_ENABLE_MODULES = YES;
				CLANG_ENABLE_OBJC_ARC = YES;
				CLANG_ENABLE_OBJC_WEAK = YES;
				CLANG_WARN_BLOCK_CAPTURE_AUTORELEASING = YES;
				CLANG_WARN_BOOL_CONVERSION = YES;
				CLANG_WARN_COMMA = YES;
				CLANG_WARN_CONSTANT_CONVERSION = YES;
				CLANG_WARN_DEPRECATED_OBJC_IMPLEMENTATIONS = YES;
				CLANG_WARN_DIRECT_OBJC_ISA_USAGE = YES_ERROR;
				CLANG_WARN_DOCUMENTATION_COMMENTS = YES;
				CLANG_WARN_EMPTY_BODY = YES;
				CLANG_WARN_ENUM_CONVERSION = YES;
				CLANG_WARN_INFINITE_RECURSION = YES;
				CLANG_WARN_INT_CONVERSION = YES;
				CLANG_WARN_NON_LITERAL_NULL_CONVERSION = YES;
				CLANG_WARN_OBJC_IMPLICIT_RETAIN_SELF = YES;
				CLANG_WARN_OBJC_LITERAL_CONVERSION = YES;
				CLANG_WARN_OBJC_ROOT_CLASS = YES_ERROR;
				CLANG_WARN_QUOTED_INCLUDE_IN_FRAMEWORK_HEADER = YES;
				CLANG_WARN_RANGE_LOOP_ANALYSIS = YES;
				CLANG_WARN_STRICT_PROTOTYPES = YES;
				CLANG_WARN_SUSPICIOUS_MOVE = YES;
				CLANG_WARN_UNGUARDED_AVAILABILITY = YES_AGGRESSIVE;
				CLANG_WARN_UNREACHABLE_CODE = YES;
				CLANG_WARN__DUPLICATE_METHOD_MATCH = YES;
				COPY_PHASE_STRIP = NO;
				DEBUG_INFORMATION_FORMAT = dwarf;
				ENABLE_STRICT_OBJC_MSGSEND = YES;
				ENABLE_TESTABILITY = YES;
				ENABLE_USER_SCRIPT_SANDBOXING = YES;
				GCC_C_LANGUAGE_STANDARD = gnu17;
				GCC_DYNAMIC_NO_PIC = NO;
				GCC_NO_COMMON_BLOCKS = YES;
				GCC_OPTIMIZATION_LEVEL = 0;
				GCC_PREPROCESSOR_DEFINITIONS = (
					"DEBUG=1",
					"$(inherited)",
				);
				GCC_WARN_64_TO_32_BIT_CONVERSION = YES;
				GCC_WARN_ABOUT_RETURN_TYPE = YES_ERROR;
				GCC_WARN_UNDECLARED_SELECTOR = YES;
				GCC_WARN_UNINITIALIZED_AUTOS = YES_AGGRESSIVE;
				GCC_WARN_UNUSED_FUNCTION = YES;
				GCC_WARN_UNUSED_VARIABLE = YES;
				IPHONEOS_DEPLOYMENT_TARGET = 17.5;
				LOCALIZATION_PREFERS_STRING_CATALOGS = YES;
				MTL_ENABLE_DEBUG_INFO = INCLUDE_SOURCE;
				MTL_FAST_MATH = YES;
				ONLY_ACTIVE_ARCH = YES;
				SDKROOT = iphoneos;
				SWIFT_ACTIVE_COMPILATION_CONDITIONS = "DEBUG $(inherited)";
				SWIFT_OPTIMIZATION_LEVEL = "-Onone";
			};
			name = Debug;
		};
		6FD364442BF9B8B7001CE94E /* Release */ = {
			isa = XCBuildConfiguration;
			buildSettings = {
				ALWAYS_SEARCH_USER_PATHS = NO;
				ASSETCATALOG_COMPILER_GENERATE_SWIFT_ASSET_SYMBOL_EXTENSIONS = YES;
				CLANG_ANALYZER_NONNULL = YES;
				CLANG_ANALYZER_NUMBER_OBJECT_CONVERSION = YES_AGGRESSIVE;
				CLANG_CXX_LANGUAGE_STANDARD = "gnu++20";
				CLANG_ENABLE_MODULES = YES;
				CLANG_ENABLE_OBJC_ARC = YES;
				CLANG_ENABLE_OBJC_WEAK = YES;
				CLANG_WARN_BLOCK_CAPTURE_AUTORELEASING = YES;
				CLANG_WARN_BOOL_CONVERSION = YES;
				CLANG_WARN_COMMA = YES;
				CLANG_WARN_CONSTANT_CONVERSION = YES;
				CLANG_WARN_DEPRECATED_OBJC_IMPLEMENTATIONS = YES;
				CLANG_WARN_DIRECT_OBJC_ISA_USAGE = YES_ERROR;
				CLANG_WARN_DOCUMENTATION_COMMENTS = YES;
				CLANG_WARN_EMPTY_BODY = YES;
				CLANG_WARN_ENUM_CONVERSION = YES;
				CLANG_WARN_INFINITE_RECURSION = YES;
				CLANG_WARN_INT_CONVERSION = YES;
				CLANG_WARN_NON_LITERAL_NULL_CONVERSION = YES;
				CLANG_WARN_OBJC_IMPLICIT_RETAIN_SELF = YES;
				CLANG_WARN_OBJC_LITERAL_CONVERSION = YES;
				CLANG_WARN_OBJC_ROOT_CLASS = YES_ERROR;
				CLANG_WARN_QUOTED_INCLUDE_IN_FRAMEWORK_HEADER = YES;
				CLANG_WARN_RANGE_LOOP_ANALYSIS = YES;
				CLANG_WARN_STRICT_PROTOTYPES = YES;
				CLANG_WARN_SUSPICIOUS_MOVE = YES;
				CLANG_WARN_UNGUARDED_AVAILABILITY = YES_AGGRESSIVE;
				CLANG_WARN_UNREACHABLE_CODE = YES;
				CLANG_WARN__DUPLICATE_METHOD_MATCH = YES;
				COPY_PHASE_STRIP = NO;
				DEBUG_INFORMATION_FORMAT = "dwarf-with-dsym";
				ENABLE_NS_ASSERTIONS = NO;
				ENABLE_STRICT_OBJC_MSGSEND = YES;
				ENABLE_USER_SCRIPT_SANDBOXING = YES;
				GCC_C_LANGUAGE_STANDARD = gnu17;
				GCC_NO_COMMON_BLOCKS = YES;
				GCC_WARN_64_TO_32_BIT_CONVERSION = YES;
				GCC_WARN_ABOUT_RETURN_TYPE = YES_ERROR;
				GCC_WARN_UNDECLARED_SELECTOR = YES;
				GCC_WARN_UNINITIALIZED_AUTOS = YES_AGGRESSIVE;
				GCC_WARN_UNUSED_FUNCTION = YES;
				GCC_WARN_UNUSED_VARIABLE = YES;
				IPHONEOS_DEPLOYMENT_TARGET = 17.5;
				LOCALIZATION_PREFERS_STRING_CATALOGS = YES;
				MTL_ENABLE_DEBUG_INFO = NO;
				MTL_FAST_MATH = YES;
				SDKROOT = iphoneos;
				SWIFT_COMPILATION_MODE = wholemodule;
				VALIDATE_PRODUCT = YES;
			};
			name = Release;
		};
		6FD364462BF9B8B7001CE94E /* Debug */ = {
			isa = XCBuildConfiguration;
			buildSettings = {
				ASSETCATALOG_COMPILER_APPICON_NAME = AppIcon;
				ASSETCATALOG_COMPILER_GLOBAL_ACCENT_COLOR_NAME = AccentColor;
				CODE_SIGN_STYLE = Automatic;
				CURRENT_PROJECT_VERSION = 1;
				DEVELOPMENT_TEAM = R47YA6WR5Y;
				GENERATE_INFOPLIST_FILE = YES;
				INFOPLIST_FILE = NomikTwStockApp/Info.plist;
				INFOPLIST_KEY_UIApplicationSupportsIndirectInputEvents = YES;
				INFOPLIST_KEY_UILaunchStoryboardName = LaunchScreen;
				INFOPLIST_KEY_UISupportedInterfaceOrientations_iPad = "UIInterfaceOrientationPortrait UIInterfaceOrientationPortraitUpsideDown UIInterfaceOrientationLandscapeLeft UIInterfaceOrientationLandscapeRight";
				INFOPLIST_KEY_UISupportedInterfaceOrientations_iPhone = "UIInterfaceOrientationPortrait UIInterfaceOrientationLandscapeLeft UIInterfaceOrientationLandscapeRight";
				IPHONEOS_DEPLOYMENT_TARGET = 17.5;
				LD_RUNPATH_SEARCH_PATHS = (
					"$(inherited)",
					"@executable_path/Frameworks",
				);
				MARKETING_VERSION = 1.0;
				PRODUCT_BUNDLE_IDENTIFIER = com.nomikPlanflag.NomikTwStockApp;
				PRODUCT_NAME = "$(TARGET_NAME)";
				SWIFT_EMIT_LOC_STRINGS = YES;
				SWIFT_VERSION = 5.0;
				TARGETED_DEVICE_FAMILY = "1,2";
			};
			name = Debug;
		};
		6FD364472BF9B8B7001CE94E /* Release */ = {
			isa = XCBuildConfiguration;
			buildSettings = {
				ASSETCATALOG_COMPILER_APPICON_NAME = AppIcon;
				ASSETCATALOG_COMPILER_GLOBAL_ACCENT_COLOR_NAME = AccentColor;
				CODE_SIGN_STYLE = Automatic;
				CURRENT_PROJECT_VERSION = 1;
				DEVELOPMENT_TEAM = R47YA6WR5Y;
				GENERATE_INFOPLIST_FILE = YES;
				INFOPLIST_FILE = NomikTwStockApp/Info.plist;
				INFOPLIST_KEY_UIApplicationSupportsIndirectInputEvents = YES;
				INFOPLIST_KEY_UILaunchStoryboardName = LaunchScreen;
				INFOPLIST_KEY_UISupportedInterfaceOrientations_iPad = "UIInterfaceOrientationPortrait UIInterfaceOrientationPortraitUpsideDown UIInterfaceOrientationLandscapeLeft UIInterfaceOrientationLandscapeRight";
				INFOPLIST_KEY_UISupportedInterfaceOrientations_iPhone = "UIInterfaceOrientationPortrait UIInterfaceOrientationLandscapeLeft UIInterfaceOrientationLandscapeRight";
				IPHONEOS_DEPLOYMENT_TARGET = 17.5;
				LD_RUNPATH_SEARCH_PATHS = (
					"$(inherited)",
					"@executable_path/Frameworks",
				);
				MARKETING_VERSION = 1.0;
				PRODUCT_BUNDLE_IDENTIFIER = com.nomikPlanflag.NomikTwStockApp;
				PRODUCT_NAME = "$(TARGET_NAME)";
				SWIFT_EMIT_LOC_STRINGS = YES;
				SWIFT_VERSION = 5.0;
				TARGETED_DEVICE_FAMILY = "1,2";
			};
			name = Release;
		};
/* End XCBuildConfiguration section */

/* Begin XCConfigurationList section */
		6FD3642C2BF9B8B5001CE94E /* Build configuration list for PBXProject "NomikTwStockApp" */ = {
			isa = XCConfigurationList;
			buildConfigurations = (
				6FD364432BF9B8B7001CE94E /* Debug */,
				6FD364442BF9B8B7001CE94E /* Release */,
			);
			defaultConfigurationIsVisible = 0;
			defaultConfigurationName = Release;
		};
		6FD364452BF9B8B7001CE94E /* Build configuration list for PBXNativeTarget "NomikTwStockApp" */ = {
			isa = XCConfigurationList;
			buildConfigurations = (
				6FD364462BF9B8B7001CE94E /* Debug */,
				6FD364472BF9B8B7001CE94E /* Release */,
			);
			defaultConfigurationIsVisible = 0;
			defaultConfigurationName = Release;
		};
/* End XCConfigurationList section */

/* Begin XCRemoteSwiftPackageReference section */
		6FBB151A2C0BFFF20020BE4B /* XCRemoteSwiftPackageReference "firebase-ios-sdk" */ = {
			isa = XCRemoteSwiftPackageReference;
			repositoryURL = "https://github.com/firebase/firebase-ios-sdk";
			requirement = {
				kind = upToNextMinorVersion;
				minimumVersion = 10.27.0;
			};
		};
		6FDA37472BFB4D4B00FD33BC /* XCRemoteSwiftPackageReference "Charts" */ = {
			isa = XCRemoteSwiftPackageReference;
			repositoryURL = "https://github.com/ChartsOrg/Charts.git";
			requirement = {
				kind = upToNextMajorVersion;
				minimumVersion = 5.1.0;
			};
		};
/* End XCRemoteSwiftPackageReference section */

/* Begin XCSwiftPackageProductDependency section */
		6FBB151B2C0BFFF20020BE4B /* FirebaseAnalytics */ = {
			isa = XCSwiftPackageProductDependency;
			package = 6FBB151A2C0BFFF20020BE4B /* XCRemoteSwiftPackageReference "firebase-ios-sdk" */;
			productName = FirebaseAnalytics;
		};
		6FBB151D2C0BFFF20020BE4B /* FirebaseAnalyticsOnDeviceConversion */ = {
			isa = XCSwiftPackageProductDependency;
			package = 6FBB151A2C0BFFF20020BE4B /* XCRemoteSwiftPackageReference "firebase-ios-sdk" */;
			productName = FirebaseAnalyticsOnDeviceConversion;
		};
		6FBB151F2C0BFFF20020BE4B /* FirebaseAnalyticsSwift */ = {
			isa = XCSwiftPackageProductDependency;
			package = 6FBB151A2C0BFFF20020BE4B /* XCRemoteSwiftPackageReference "firebase-ios-sdk" */;
			productName = FirebaseAnalyticsSwift;
		};
		6FBB15212C0BFFF20020BE4B /* FirebaseAnalyticsWithoutAdIdSupport */ = {
			isa = XCSwiftPackageProductDependency;
			package = 6FBB151A2C0BFFF20020BE4B /* XCRemoteSwiftPackageReference "firebase-ios-sdk" */;
			productName = FirebaseAnalyticsWithoutAdIdSupport;
		};
		6FBB15232C0BFFF20020BE4B /* FirebaseAppCheck */ = {
			isa = XCSwiftPackageProductDependency;
			package = 6FBB151A2C0BFFF20020BE4B /* XCRemoteSwiftPackageReference "firebase-ios-sdk" */;
			productName = FirebaseAppCheck;
		};
		6FBB15252C0BFFF20020BE4B /* FirebaseAppDistribution-Beta */ = {
			isa = XCSwiftPackageProductDependency;
			package = 6FBB151A2C0BFFF20020BE4B /* XCRemoteSwiftPackageReference "firebase-ios-sdk" */;
			productName = "FirebaseAppDistribution-Beta";
		};
		6FBB15272C0BFFF20020BE4B /* FirebaseAuth */ = {
			isa = XCSwiftPackageProductDependency;
			package = 6FBB151A2C0BFFF20020BE4B /* XCRemoteSwiftPackageReference "firebase-ios-sdk" */;
			productName = FirebaseAuth;
		};
		6FBB15292C0BFFF20020BE4B /* FirebaseAuthCombine-Community */ = {
			isa = XCSwiftPackageProductDependency;
			package = 6FBB151A2C0BFFF20020BE4B /* XCRemoteSwiftPackageReference "firebase-ios-sdk" */;
			productName = "FirebaseAuthCombine-Community";
		};
		6FBB152B2C0BFFF20020BE4B /* FirebaseCrashlytics */ = {
			isa = XCSwiftPackageProductDependency;
			package = 6FBB151A2C0BFFF20020BE4B /* XCRemoteSwiftPackageReference "firebase-ios-sdk" */;
			productName = FirebaseCrashlytics;
		};
		6FBB152D2C0BFFF20020BE4B /* FirebaseDatabase */ = {
			isa = XCSwiftPackageProductDependency;
			package = 6FBB151A2C0BFFF20020BE4B /* XCRemoteSwiftPackageReference "firebase-ios-sdk" */;
			productName = FirebaseDatabase;
		};
		6FBB152F2C0BFFF20020BE4B /* FirebaseDatabaseSwift */ = {
			isa = XCSwiftPackageProductDependency;
			package = 6FBB151A2C0BFFF20020BE4B /* XCRemoteSwiftPackageReference "firebase-ios-sdk" */;
			productName = FirebaseDatabaseSwift;
		};
		6FBB15312C0BFFF20020BE4B /* FirebaseDynamicLinks */ = {
			isa = XCSwiftPackageProductDependency;
			package = 6FBB151A2C0BFFF20020BE4B /* XCRemoteSwiftPackageReference "firebase-ios-sdk" */;
			productName = FirebaseDynamicLinks;
		};
		6FBB15332C0BFFF20020BE4B /* FirebaseFirestore */ = {
			isa = XCSwiftPackageProductDependency;
			package = 6FBB151A2C0BFFF20020BE4B /* XCRemoteSwiftPackageReference "firebase-ios-sdk" */;
			productName = FirebaseFirestore;
		};
		6FBB15352C0BFFF20020BE4B /* FirebaseFirestoreCombine-Community */ = {
			isa = XCSwiftPackageProductDependency;
			package = 6FBB151A2C0BFFF20020BE4B /* XCRemoteSwiftPackageReference "firebase-ios-sdk" */;
			productName = "FirebaseFirestoreCombine-Community";
		};
		6FBB15372C0BFFF20020BE4B /* FirebaseFirestoreSwift */ = {
			isa = XCSwiftPackageProductDependency;
			package = 6FBB151A2C0BFFF20020BE4B /* XCRemoteSwiftPackageReference "firebase-ios-sdk" */;
			productName = FirebaseFirestoreSwift;
		};
		6FBB15392C0BFFF20020BE4B /* FirebaseFunctions */ = {
			isa = XCSwiftPackageProductDependency;
			package = 6FBB151A2C0BFFF20020BE4B /* XCRemoteSwiftPackageReference "firebase-ios-sdk" */;
			productName = FirebaseFunctions;
		};
		6FBB153B2C0BFFF20020BE4B /* FirebaseFunctionsCombine-Community */ = {
			isa = XCSwiftPackageProductDependency;
			package = 6FBB151A2C0BFFF20020BE4B /* XCRemoteSwiftPackageReference "firebase-ios-sdk" */;
			productName = "FirebaseFunctionsCombine-Community";
		};
		6FBB153D2C0BFFF20020BE4B /* FirebaseInAppMessaging-Beta */ = {
			isa = XCSwiftPackageProductDependency;
			package = 6FBB151A2C0BFFF20020BE4B /* XCRemoteSwiftPackageReference "firebase-ios-sdk" */;
			productName = "FirebaseInAppMessaging-Beta";
		};
		6FBB153F2C0BFFF20020BE4B /* FirebaseInAppMessagingSwift-Beta */ = {
			isa = XCSwiftPackageProductDependency;
			package = 6FBB151A2C0BFFF20020BE4B /* XCRemoteSwiftPackageReference "firebase-ios-sdk" */;
			productName = "FirebaseInAppMessagingSwift-Beta";
		};
		6FBB15412C0BFFF20020BE4B /* FirebaseInstallations */ = {
			isa = XCSwiftPackageProductDependency;
			package = 6FBB151A2C0BFFF20020BE4B /* XCRemoteSwiftPackageReference "firebase-ios-sdk" */;
			productName = FirebaseInstallations;
		};
		6FBB15432C0BFFF20020BE4B /* FirebaseMLModelDownloader */ = {
			isa = XCSwiftPackageProductDependency;
			package = 6FBB151A2C0BFFF20020BE4B /* XCRemoteSwiftPackageReference "firebase-ios-sdk" */;
			productName = FirebaseMLModelDownloader;
		};
		6FBB15452C0BFFF20020BE4B /* FirebaseMessaging */ = {
			isa = XCSwiftPackageProductDependency;
			package = 6FBB151A2C0BFFF20020BE4B /* XCRemoteSwiftPackageReference "firebase-ios-sdk" */;
			productName = FirebaseMessaging;
		};
		6FBB15472C0BFFF20020BE4B /* FirebasePerformance */ = {
			isa = XCSwiftPackageProductDependency;
			package = 6FBB151A2C0BFFF20020BE4B /* XCRemoteSwiftPackageReference "firebase-ios-sdk" */;
			productName = FirebasePerformance;
		};
		6FBB15492C0BFFF20020BE4B /* FirebaseRemoteConfig */ = {
			isa = XCSwiftPackageProductDependency;
			package = 6FBB151A2C0BFFF20020BE4B /* XCRemoteSwiftPackageReference "firebase-ios-sdk" */;
			productName = FirebaseRemoteConfig;
		};
		6FBB154B2C0BFFF20020BE4B /* FirebaseRemoteConfigSwift */ = {
			isa = XCSwiftPackageProductDependency;
			package = 6FBB151A2C0BFFF20020BE4B /* XCRemoteSwiftPackageReference "firebase-ios-sdk" */;
			productName = FirebaseRemoteConfigSwift;
		};
		6FBB154D2C0BFFF20020BE4B /* FirebaseStorage */ = {
			isa = XCSwiftPackageProductDependency;
			package = 6FBB151A2C0BFFF20020BE4B /* XCRemoteSwiftPackageReference "firebase-ios-sdk" */;
			productName = FirebaseStorage;
		};
		6FBB154F2C0BFFF20020BE4B /* FirebaseStorageCombine-Community */ = {
			isa = XCSwiftPackageProductDependency;
			package = 6FBB151A2C0BFFF20020BE4B /* XCRemoteSwiftPackageReference "firebase-ios-sdk" */;
			productName = "FirebaseStorageCombine-Community";
		};
		6FBB15512C0BFFF20020BE4B /* FirebaseVertexAI-Preview */ = {
			isa = XCSwiftPackageProductDependency;
			package = 6FBB151A2C0BFFF20020BE4B /* XCRemoteSwiftPackageReference "firebase-ios-sdk" */;
			productName = "FirebaseVertexAI-Preview";
		};
		6FDA37482BFB4D4B00FD33BC /* DGCharts */ = {
			isa = XCSwiftPackageProductDependency;
			package = 6FDA37472BFB4D4B00FD33BC /* XCRemoteSwiftPackageReference "Charts" */;
			productName = DGCharts;
		};
/* End XCSwiftPackageProductDependency section */
	};
	rootObject = 6FD364292BF9B8B5001CE94E /* Project object */;
}
